
Microsoft Visual Studio Solution File, Format Version 12.00
# Visual Studio Version 17
VisualStudioVersion = 17.0.31903.59
MinimumVisualStudioVersion = 10.0.40219.1
Project("{FAE04EC0-301F-11D3-BF4B-00C04F79EFBC}") = "WebUtilities.Api", "WebUtilities.Api\WebUtilities.Api.csproj", "{2E9345F8-7968-4E37-9DB3-2E6A9D55315C}"
EndProject
Project("{FAE04EC0-301F-11D3-BF4B-00C04F79EFBC}") = "WebUtilities.Core", "WebUtilities.Core\WebUtilities.Core.csproj", "{135FA045-E3F3-4915-8AEF-1BF567728E88}"
EndProject
Project("{FAE04EC0-301F-11D3-BF4B-00C04F79EFBC}") = "WebUtilities.Infrastructure", "WebUtilities.Infrastructure\WebUtilities.Infrastructure.csproj", "{5276548B-FE5D-4909-B48E-7E9A5E40D20E}"
EndProject
Project("{FAE04EC0-301F-11D3-BF4B-00C04F79EFBC}") = "WebUtilities.Application", "WebUtilities.Application\WebUtilities.Application.csproj", "{DE652C19-0FA0-47E9-A2AB-E3A2CA72D0A8}"
EndProject
Global
	GlobalSection(SolutionConfigurationPlatforms) = preSolution
		Debug|Any CPU = Debug|Any CPU
		Debug|x64 = Debug|x64
		Debug|x86 = Debug|x86
		Release|Any CPU = Release|Any CPU
		Release|x64 = Release|x64
		Release|x86 = Release|x86
	EndGlobalSection
	GlobalSection(ProjectConfigurationPlatforms) = postSolution
		{2E9345F8-7968-4E37-9DB3-2E6A9D55315C}.Debug|Any CPU.ActiveCfg = Debug|Any CPU
		{2E9345F8-7968-4E37-9DB3-2E6A9D55315C}.Debug|Any CPU.Build.0 = Debug|Any CPU
		{2E9345F8-7968-4E37-9DB3-2E6A9D55315C}.Debug|x64.ActiveCfg = Debug|Any CPU
		{2E9345F8-7968-4E37-9DB3-2E6A9D55315C}.Debug|x64.Build.0 = Debug|Any CPU
		{2E9345F8-7968-4E37-9DB3-2E6A9D55315C}.Debug|x86.ActiveCfg = Debug|Any CPU
		{2E9345F8-7968-4E37-9DB3-2E6A9D55315C}.Debug|x86.Build.0 = Debug|Any CPU
		{2E9345F8-7968-4E37-9DB3-2E6A9D55315C}.Release|Any CPU.ActiveCfg = Release|Any CPU
		{2E9345F8-7968-4E37-9DB3-2E6A9D55315C}.Release|Any CPU.Build.0 = Release|Any CPU
		{2E9345F8-7968-4E37-9DB3-2E6A9D55315C}.Release|x64.ActiveCfg = Release|Any CPU
		{2E9345F8-7968-4E37-9DB3-2E6A9D55315C}.Release|x64.Build.0 = Release|Any CPU
		{2E9345F8-7968-4E37-9DB3-2E6A9D55315C}.Release|x86.ActiveCfg = Release|Any CPU
		{2E9345F8-7968-4E37-9DB3-2E6A9D55315C}.Release|x86.Build.0 = Release|Any CPU
		{135FA045-E3F3-4915-8AEF-1BF567728E88}.Debug|Any CPU.ActiveCfg = Debug|Any CPU
		{135FA045-E3F3-4915-8AEF-1BF567728E88}.Debug|Any CPU.Build.0 = Debug|Any CPU
		{135FA045-E3F3-4915-8AEF-1BF567728E88}.Debug|x64.ActiveCfg = Debug|Any CPU
		{135FA045-E3F3-4915-8AEF-1BF567728E88}.Debug|x64.Build.0 = Debug|Any CPU
		{135FA045-E3F3-4915-8AEF-1BF567728E88}.Debug|x86.ActiveCfg = Debug|Any CPU
		{135FA045-E3F3-4915-8AEF-1BF567728E88}.Debug|x86.Build.0 = Debug|Any CPU
		{135FA045-E3F3-4915-8AEF-1BF567728E88}.Release|Any CPU.ActiveCfg = Release|Any CPU
		{135FA045-E3F3-4915-8AEF-1BF567728E88}.Release|Any CPU.Build.0 = Release|Any CPU
		{135FA045-E3F3-4915-8AEF-1BF567728E88}.Release|x64.ActiveCfg = Release|Any CPU
		{135FA045-E3F3-4915-8AEF-1BF567728E88}.Release|x64.Build.0 = Release|Any CPU
		{135FA045-E3F3-4915-8AEF-1BF567728E88}.Release|x86.ActiveCfg = Release|Any CPU
		{135FA045-E3F3-4915-8AEF-1BF567728E88}.Release|x86.Build.0 = Release|Any CPU
		{5276548B-FE5D-4909-B48E-7E9A5E40D20E}.Debug|Any CPU.ActiveCfg = Debug|Any CPU
		{5276548B-FE5D-4909-B48E-7E9A5E40D20E}.Debug|Any CPU.Build.0 = Debug|Any CPU
		{5276548B-FE5D-4909-B48E-7E9A5E40D20E}.Debug|x64.ActiveCfg = Debug|Any CPU
		{5276548B-FE5D-4909-B48E-7E9A5E40D20E}.Debug|x64.Build.0 = Debug|Any CPU
		{5276548B-FE5D-4909-B48E-7E9A5E40D20E}.Debug|x86.ActiveCfg = Debug|Any CPU
		{5276548B-FE5D-4909-B48E-7E9A5E40D20E}.Debug|x86.Build.0 = Debug|Any CPU
		{5276548B-FE5D-4909-B48E-7E9A5E40D20E}.Release|Any CPU.ActiveCfg = Release|Any CPU
		{5276548B-FE5D-4909-B48E-7E9A5E40D20E}.Release|Any CPU.Build.0 = Release|Any CPU
		{5276548B-FE5D-4909-B48E-7E9A5E40D20E}.Release|x64.ActiveCfg = Release|Any CPU
		{5276548B-FE5D-4909-B48E-7E9A5E40D20E}.Release|x64.Build.0 = Release|Any CPU
		{5276548B-FE5D-4909-B48E-7E9A5E40D20E}.Release|x86.ActiveCfg = Release|Any CPU
		{5276548B-FE5D-4909-B48E-7E9A5E40D20E}.Release|x86.Build.0 = Release|Any CPU
		{DE652C19-0FA0-47E9-A2AB-E3A2CA72D0A8}.Debug|Any CPU.ActiveCfg = Debug|Any CPU
		{DE652C19-0FA0-47E9-A2AB-E3A2CA72D0A8}.Debug|Any CPU.Build.0 = Debug|Any CPU
		{DE652C19-0FA0-47E9-A2AB-E3A2CA72D0A8}.Debug|x64.ActiveCfg = Debug|Any CPU
		{DE652C19-0FA0-47E9-A2AB-E3A2CA72D0A8}.Debug|x64.Build.0 = Debug|Any CPU
		{DE652C19-0FA0-47E9-A2AB-E3A2CA72D0A8}.Debug|x86.ActiveCfg = Debug|Any CPU
		{DE652C19-0FA0-47E9-A2AB-E3A2CA72D0A8}.Debug|x86.Build.0 = Debug|Any CPU
		{DE652C19-0FA0-47E9-A2AB-E3A2CA72D0A8}.Release|Any CPU.ActiveCfg = Release|Any CPU
		{DE652C19-0FA0-47E9-A2AB-E3A2CA72D0A8}.Release|Any CPU.Build.0 = Release|Any CPU
		{DE652C19-0FA0-47E9-A2AB-E3A2CA72D0A8}.Release|x64.ActiveCfg = Release|Any CPU
		{DE652C19-0FA0-47E9-A2AB-E3A2CA72D0A8}.Release|x64.Build.0 = Release|Any CPU
		{DE652C19-0FA0-47E9-A2AB-E3A2CA72D0A8}.Release|x86.ActiveCfg = Release|Any CPU
		{DE652C19-0FA0-47E9-A2AB-E3A2CA72D0A8}.Release|x86.Build.0 = Release|Any CPU
	EndGlobalSection
	GlobalSection(SolutionProperties) = preSolution
		HideSolutionNode = FALSE
	EndGlobalSection
EndGlobal
